
Microsoft Visual Studio Solution File, Format Version 12.00
# Visual Studio Version 16
VisualStudioVersion = 16.0.31129.286
MinimumVisualStudioVersion = 10.0.40219.1
Project("{FAE04EC0-301F-11D3-BF4B-00C04F79EFBC}") = "MtgDiscoveryAzFuncs", "MtgDiscoveryAzFuncs\MtgDiscoveryAzFuncs.csproj", "{4E9406D8-BCE3-4AEE-BA9E-145D588DFA88}"
EndProject
Global
	GlobalSection(SolutionConfigurationPlatforms) = preSolution
		Debug|Any CPU = Debug|Any CPU
		Release|Any CPU = Release|Any CPU
	EndGlobalSection
	GlobalSection(ProjectConfigurationPlatforms) = postSolution
		{4E9406D8-BCE3-4AEE-BA9E-145D588DFA88}.Debug|Any CPU.ActiveCfg = Debug|Any CPU
		{4E9406D8-BCE3-4AEE-BA9E-145D588DFA88}.Debug|Any CPU.Build.0 = Debug|Any CPU
		{4E9406D8-BCE3-4AEE-BA9E-145D588DFA88}.Release|Any CPU.ActiveCfg = Release|Any CPU
		{4E9406D8-BCE3-4AEE-BA9E-145D588DFA88}.Release|Any CPU.Build.0 = Release|Any CPU
	EndGlobalSection
	GlobalSection(SolutionProperties) = preSolution
		HideSolutionNode = FALSE
	EndGlobalSection
	GlobalSection(ExtensibilityGlobals) = postSolution
		SolutionGuid = {7CB12616-95B2-4621-B8E9-74A9B2988B32}
	EndGlobalSection
EndGlobal
